
Microsoft Visual Studio Solution File, Format Version 12.00
# Visual Studio 2013
VisualStudioVersion = 12.0.31101.0
MinimumVisualStudioVersion = 10.0.40219.1
Project("{8BC9CEB8-8B4A-11D0-8D11-00A0C91BC942}") = "DemoBot", "DemoBot\DemoBot.vcxproj", "{E6A7FE13-D00B-43F0-A891-303C72A73E7F}"
EndProject
Project("{8BC9CEB8-8B4A-11D0-8D11-00A0C91BC942}") = "ServerScanner", "ServerScanner\ServerScanner.vcxproj", "{7728F7C8-0433-4B94-B488-D351AE453AD8}"
EndProject
Global
	GlobalSection(SolutionConfigurationPlatforms) = preSolution
		Debug|Win32 = Debug|Win32
		Release|Win32 = Release|Win32
	EndGlobalSection
	GlobalSection(ProjectConfigurationPlatforms) = postSolution
		{E6A7FE13-D00B-43F0-A891-303C72A73E7F}.Debug|Win32.ActiveCfg = Debug|Win32
		{E6A7FE13-D00B-43F0-A891-303C72A73E7F}.Debug|Win32.Build.0 = Debug|Win32
		{E6A7FE13-D00B-43F0-A891-303C72A73E7F}.Release|Win32.ActiveCfg = Release|Win32
		{E6A7FE13-D00B-43F0-A891-303C72A73E7F}.Release|Win32.Build.0 = Release|Win32
		{7728F7C8-0433-4B94-B488-D351AE453AD8}.Debug|Win32.ActiveCfg = Debug|Win32
		{7728F7C8-0433-4B94-B488-D351AE453AD8}.Debug|Win32.Build.0 = Debug|Win32
		{7728F7C8-0433-4B94-B488-D351AE453AD8}.Release|Win32.ActiveCfg = Release|Win32
		{7728F7C8-0433-4B94-B488-D351AE453AD8}.Release|Win32.Build.0 = Release|Win32
	EndGlobalSection
	GlobalSection(SolutionProperties) = preSolution
		HideSolutionNode = FALSE
	EndGlobalSection
EndGlobal
